
Microsoft Visual Studio Solution File, Format Version 12.00
# Visual Studio Version 17
VisualStudioVersion = 17.10.35013.160
MinimumVisualStudioVersion = 10.0.40219.1
Project("{8BC9CEB8-8B4A-11D0-8D11-00A0C91BC942}") = "독하게시작하는C프로그래밍", "..\독하게시작하는C프로그래밍\독하게시작하는C프로그래밍\독하게시작하는C프로그래밍.vcxproj", "{990C8023-0842-4B6A-8254-8471BD1DD2EE}"
EndProject
Project("{8BC9CEB8-8B4A-11D0-8D11-00A0C91BC942}") = "독하게C를배운사람을위한선형자료구조", "독하게C를배운사람을위한선형자료구조\독하게C를배운사람을위한선형자료구조.vcxproj", "{88DCD6FE-734D-424D-925F-4C4094FCD9A7}"
EndProject
Project("{8BC9CEB8-8B4A-11D0-8D11-00A0C91BC942}") = "개인과제", "개인과제\개인과제.vcxproj", "{8979AA23-8202-41FD-9941-6B5CD9FF095A}"
EndProject
Project("{8BC9CEB8-8B4A-11D0-8D11-00A0C91BC942}") = "만들다버려진비운의코드", "만들다버려진비운의코드\만들다버려진비운의코드.vcxproj", "{8CA27FB0-1F22-4EE3-820C-C3E6B7F31A3B}"
EndProject
Project("{8BC9CEB8-8B4A-11D0-8D11-00A0C91BC942}") = "조별과제", "조별과제\조별과제.vcxproj", "{3C19BFC2-4BCB-4BC2-82DA-BE5A42B82C4C}"
EndProject
Project("{8BC9CEB8-8B4A-11D0-8D11-00A0C91BC942}") = "개인과제2", "개인과제2\개인과제2.vcxproj", "{835695F5-3787-4920-87C4-3EB9136F9407}"
EndProject
Global
	GlobalSection(SolutionConfigurationPlatforms) = preSolution
		Debug|x64 = Debug|x64
		Debug|x86 = Debug|x86
		Release|x64 = Release|x64
		Release|x86 = Release|x86
	EndGlobalSection
	GlobalSection(ProjectConfigurationPlatforms) = postSolution
		{990C8023-0842-4B6A-8254-8471BD1DD2EE}.Debug|x64.ActiveCfg = Debug|x64
		{990C8023-0842-4B6A-8254-8471BD1DD2EE}.Debug|x64.Build.0 = Debug|x64
		{990C8023-0842-4B6A-8254-8471BD1DD2EE}.Debug|x86.ActiveCfg = Debug|Win32
		{990C8023-0842-4B6A-8254-8471BD1DD2EE}.Debug|x86.Build.0 = Debug|Win32
		{990C8023-0842-4B6A-8254-8471BD1DD2EE}.Release|x64.ActiveCfg = Release|x64
		{990C8023-0842-4B6A-8254-8471BD1DD2EE}.Release|x64.Build.0 = Release|x64
		{990C8023-0842-4B6A-8254-8471BD1DD2EE}.Release|x86.ActiveCfg = Release|Win32
		{990C8023-0842-4B6A-8254-8471BD1DD2EE}.Release|x86.Build.0 = Release|Win32
		{88DCD6FE-734D-424D-925F-4C4094FCD9A7}.Debug|x64.ActiveCfg = Debug|x64
		{88DCD6FE-734D-424D-925F-4C4094FCD9A7}.Debug|x64.Build.0 = Debug|x64
		{88DCD6FE-734D-424D-925F-4C4094FCD9A7}.Debug|x86.ActiveCfg = Debug|Win32
		{88DCD6FE-734D-424D-925F-4C4094FCD9A7}.Debug|x86.Build.0 = Debug|Win32
		{88DCD6FE-734D-424D-925F-4C4094FCD9A7}.Release|x64.ActiveCfg = Release|x64
		{88DCD6FE-734D-424D-925F-4C4094FCD9A7}.Release|x64.Build.0 = Release|x64
		{88DCD6FE-734D-424D-925F-4C4094FCD9A7}.Release|x86.ActiveCfg = Release|Win32
		{88DCD6FE-734D-424D-925F-4C4094FCD9A7}.Release|x86.Build.0 = Release|Win32
		{8979AA23-8202-41FD-9941-6B5CD9FF095A}.Debug|x64.ActiveCfg = Debug|x64
		{8979AA23-8202-41FD-9941-6B5CD9FF095A}.Debug|x64.Build.0 = Debug|x64
		{8979AA23-8202-41FD-9941-6B5CD9FF095A}.Debug|x86.ActiveCfg = Debug|Win32
		{8979AA23-8202-41FD-9941-6B5CD9FF095A}.Debug|x86.Build.0 = Debug|Win32
		{8979AA23-8202-41FD-9941-6B5CD9FF095A}.Release|x64.ActiveCfg = Release|x64
		{8979AA23-8202-41FD-9941-6B5CD9FF095A}.Release|x64.Build.0 = Release|x64
		{8979AA23-8202-41FD-9941-6B5CD9FF095A}.Release|x86.ActiveCfg = Release|Win32
		{8979AA23-8202-41FD-9941-6B5CD9FF095A}.Release|x86.Build.0 = Release|Win32
		{8CA27FB0-1F22-4EE3-820C-C3E6B7F31A3B}.Debug|x64.ActiveCfg = Debug|x64
		{8CA27FB0-1F22-4EE3-820C-C3E6B7F31A3B}.Debug|x64.Build.0 = Debug|x64
		{8CA27FB0-1F22-4EE3-820C-C3E6B7F31A3B}.Debug|x86.ActiveCfg = Debug|Win32
		{8CA27FB0-1F22-4EE3-820C-C3E6B7F31A3B}.Debug|x86.Build.0 = Debug|Win32
		{8CA27FB0-1F22-4EE3-820C-C3E6B7F31A3B}.Release|x64.ActiveCfg = Release|x64
		{8CA27FB0-1F22-4EE3-820C-C3E6B7F31A3B}.Release|x64.Build.0 = Release|x64
		{8CA27FB0-1F22-4EE3-820C-C3E6B7F31A3B}.Release|x86.ActiveCfg = Release|Win32
		{8CA27FB0-1F22-4EE3-820C-C3E6B7F31A3B}.Release|x86.Build.0 = Release|Win32
		{3C19BFC2-4BCB-4BC2-82DA-BE5A42B82C4C}.Debug|x64.ActiveCfg = Debug|x64
		{3C19BFC2-4BCB-4BC2-82DA-BE5A42B82C4C}.Debug|x64.Build.0 = Debug|x64
		{3C19BFC2-4BCB-4BC2-82DA-BE5A42B82C4C}.Debug|x86.ActiveCfg = Debug|Win32
		{3C19BFC2-4BCB-4BC2-82DA-BE5A42B82C4C}.Debug|x86.Build.0 = Debug|Win32
		{3C19BFC2-4BCB-4BC2-82DA-BE5A42B82C4C}.Release|x64.ActiveCfg = Release|x64
		{3C19BFC2-4BCB-4BC2-82DA-BE5A42B82C4C}.Release|x64.Build.0 = Release|x64
		{3C19BFC2-4BCB-4BC2-82DA-BE5A42B82C4C}.Release|x86.ActiveCfg = Release|Win32
		{3C19BFC2-4BCB-4BC2-82DA-BE5A42B82C4C}.Release|x86.Build.0 = Release|Win32
		{835695F5-3787-4920-87C4-3EB9136F9407}.Debug|x64.ActiveCfg = Debug|x64
		{835695F5-3787-4920-87C4-3EB9136F9407}.Debug|x64.Build.0 = Debug|x64
		{835695F5-3787-4920-87C4-3EB9136F9407}.Debug|x86.ActiveCfg = Debug|Win32
		{835695F5-3787-4920-87C4-3EB9136F9407}.Debug|x86.Build.0 = Debug|Win32
		{835695F5-3787-4920-87C4-3EB9136F9407}.Release|x64.ActiveCfg = Release|x64
		{835695F5-3787-4920-87C4-3EB9136F9407}.Release|x64.Build.0 = Release|x64
		{835695F5-3787-4920-87C4-3EB9136F9407}.Release|x86.ActiveCfg = Release|Win32
		{835695F5-3787-4920-87C4-3EB9136F9407}.Release|x86.Build.0 = Release|Win32
	EndGlobalSection
	GlobalSection(SolutionProperties) = preSolution
		HideSolutionNode = FALSE
	EndGlobalSection
	GlobalSection(ExtensibilityGlobals) = postSolution
		SolutionGuid = {1D50449C-EB2E-40AE-918B-654F20AC2A72}
	EndGlobalSection
EndGlobal
